
Microsoft Visual Studio Solution File, Format Version 12.00
# Visual Studio Version 16
VisualStudioVersion = 16.0.29519.87
MinimumVisualStudioVersion = 10.0.40219.1
Project("{FAE04EC0-301F-11D3-BF4B-00C04F79EFBC}") = "ResistorColorsExercise.Android", "ResistorColorsExercise\ResistorColorsExercise.Android\ResistorColorsExercise.Android.csproj", "{E5C16F4B-7D83-445F-B5E9-CBDADE9A2D0B}"
EndProject
Project("{FAE04EC0-301F-11D3-BF4B-00C04F79EFBC}") = "ResistorColorsExercise", "ResistorColorsExercise\ResistorColorsExercise\ResistorColorsExercise.csproj", "{5EA6761C-ECC5-4996-A8A2-2DF876BAFEAB}"
EndProject
Global
	GlobalSection(SolutionConfigurationPlatforms) = preSolution
		Debug|Any CPU = Debug|Any CPU
		Release|Any CPU = Release|Any CPU
	EndGlobalSection
	GlobalSection(ProjectConfigurationPlatforms) = postSolution
		{E5C16F4B-7D83-445F-B5E9-CBDADE9A2D0B}.Debug|Any CPU.ActiveCfg = Debug|Any CPU
		{E5C16F4B-7D83-445F-B5E9-CBDADE9A2D0B}.Debug|Any CPU.Build.0 = Debug|Any CPU
		{E5C16F4B-7D83-445F-B5E9-CBDADE9A2D0B}.Debug|Any CPU.Deploy.0 = Debug|Any CPU
		{E5C16F4B-7D83-445F-B5E9-CBDADE9A2D0B}.Release|Any CPU.ActiveCfg = Release|Any CPU
		{E5C16F4B-7D83-445F-B5E9-CBDADE9A2D0B}.Release|Any CPU.Build.0 = Release|Any CPU
		{E5C16F4B-7D83-445F-B5E9-CBDADE9A2D0B}.Release|Any CPU.Deploy.0 = Release|Any CPU
		{5EA6761C-ECC5-4996-A8A2-2DF876BAFEAB}.Debug|Any CPU.ActiveCfg = Debug|Any CPU
		{5EA6761C-ECC5-4996-A8A2-2DF876BAFEAB}.Debug|Any CPU.Build.0 = Debug|Any CPU
		{5EA6761C-ECC5-4996-A8A2-2DF876BAFEAB}.Debug|Any CPU.Deploy.0 = Debug|Any CPU
		{5EA6761C-ECC5-4996-A8A2-2DF876BAFEAB}.Release|Any CPU.ActiveCfg = Release|Any CPU
		{5EA6761C-ECC5-4996-A8A2-2DF876BAFEAB}.Release|Any CPU.Build.0 = Release|Any CPU
		{5EA6761C-ECC5-4996-A8A2-2DF876BAFEAB}.Release|Any CPU.Deploy.0 = Release|Any CPU
	EndGlobalSection
	GlobalSection(SolutionProperties) = preSolution
		HideSolutionNode = FALSE
	EndGlobalSection
	GlobalSection(ExtensibilityGlobals) = postSolution
		SolutionGuid = {22314A11-796E-4DB3-B3FC-BA4C125BEB30}
	EndGlobalSection
EndGlobal
